
Microsoft Visual Studio Solution File, Format Version 12.00
# Visual Studio Version 17
VisualStudioVersion = 17.7.34003.232
MinimumVisualStudioVersion = 10.0.40219.1
Project("{FAE04EC0-301F-11D3-BF4B-00C04F79EFBC}") = "CustoMate", "CustoMate.csproj", "{425247AC-5BC8-45C3-BB26-53F38A85CB57}"
EndProject
Global
	GlobalSection(SolutionConfigurationPlatforms) = preSolution
		Debug|Any CPU = Debug|Any CPU
		Release|Any CPU = Release|Any CPU
	EndGlobalSection
	GlobalSection(ProjectConfigurationPlatforms) = postSolution
		{425247AC-5BC8-45C3-BB26-53F38A85CB57}.Debug|Any CPU.ActiveCfg = Debug|Any CPU
		{425247AC-5BC8-45C3-BB26-53F38A85CB57}.Debug|Any CPU.Build.0 = Debug|Any CPU
		{425247AC-5BC8-45C3-BB26-53F38A85CB57}.Release|Any CPU.ActiveCfg = Release|Any CPU
		{425247AC-5BC8-45C3-BB26-53F38A85CB57}.Release|Any CPU.Build.0 = Release|Any CPU
	EndGlobalSection
	GlobalSection(SolutionProperties) = preSolution
		HideSolutionNode = FALSE
	EndGlobalSection
	GlobalSection(ExtensibilityGlobals) = postSolution
		SolutionGuid = {416497BB-583C-4311-B190-806DFDFE2D54}
	EndGlobalSection
EndGlobal
